# This file is automatically @generated by Cargo.
# It is not intended for manual editing.
version = 4

[[package]]
name = "kerf"
version = "0.1.0"
dependencies = [
 "kerf-compiler",
 "kerf-core",
 "kerf-driver",
 "kerf-expander",
 "kerf-reader",
 "kerf-runtime",
 "kerf-span",
 "kerf-syntax",
 "kerf-vm",
]

[[package]]
name = "kerf-compiler"
version = "0.1.0"
dependencies = [
 "kerf-core",
 "kerf-span",
 "kerf-syntax",
]

[[package]]
name = "kerf-core"
version = "0.1.0"
dependencies = [
 "kerf-span",
 "kerf-syntax",
]

[[package]]
name = "kerf-driver"
version = "0.1.0"
dependencies = [
 "kerf-compiler",
 "kerf-core",
 "kerf-expander",
 "kerf-reader",
 "kerf-runtime",
 "kerf-span",
 "kerf-syntax",
 "kerf-vm",
]

[[package]]
name = "kerf-expander"
version = "0.1.0"
dependencies = [
 "kerf-core",
 "kerf-reader",
 "kerf-span",
 "kerf-syntax",
]

[[package]]
name = "kerf-reader"
version = "0.1.0"
dependencies = [
 "kerf-span",
 "kerf-syntax",
]

[[package]]
name = "kerf-runtime"
version = "0.1.0"

[[package]]
name = "kerf-span"
version = "0.1.0"

[[package]]
name = "kerf-syntax"
version = "0.1.0"
dependencies = [
 "kerf-span",
]

[[package]]
name = "kerf-vm"
version = "0.1.0"
dependencies = [
 "kerf-compiler",
 "kerf-core",
 "kerf-runtime",
 "kerf-span",
 "kerf-syntax",
]
